
Microsoft Visual Studio Solution File, Format Version 12.00
# Visual Studio Version 17
VisualStudioVersion = 17.10.35004.147
MinimumVisualStudioVersion = 10.0.40219.1
Project("{FAE04EC0-301F-11D3-BF4B-00C04F79EFBC}") = "EsamiAuto", "EsamiAuto\EsamiAuto.csproj", "{201DF5EC-928E-4282-961A-2ED11A6F071A}"
EndProject
Project("{FAE04EC0-301F-11D3-BF4B-00C04F79EFBC}") = "EsamiAuto.Client", "EsamiAuto.Client\EsamiAuto.Client.csproj", "{21ABA451-5E93-440D-B2CA-FD213D98CFEE}"
EndProject
Project("{9A19103F-16F7-4668-BE54-9A1E7A4F7556}") = "EsamiAuto.Shared", "EsamiAuto.Shared\EsamiAuto.Shared.csproj", "{1240E687-1687-4E23-AB1F-C5ADD596014E}"
EndProject
Global
	GlobalSection(SolutionConfigurationPlatforms) = preSolution
		Debug|Any CPU = Debug|Any CPU
		Release|Any CPU = Release|Any CPU
	EndGlobalSection
	GlobalSection(ProjectConfigurationPlatforms) = postSolution
		{201DF5EC-928E-4282-961A-2ED11A6F071A}.Debug|Any CPU.ActiveCfg = Debug|Any CPU
		{201DF5EC-928E-4282-961A-2ED11A6F071A}.Debug|Any CPU.Build.0 = Debug|Any CPU
		{201DF5EC-928E-4282-961A-2ED11A6F071A}.Release|Any CPU.ActiveCfg = Release|Any CPU
		{201DF5EC-928E-4282-961A-2ED11A6F071A}.Release|Any CPU.Build.0 = Release|Any CPU
		{21ABA451-5E93-440D-B2CA-FD213D98CFEE}.Debug|Any CPU.ActiveCfg = Debug|Any CPU
		{21ABA451-5E93-440D-B2CA-FD213D98CFEE}.Debug|Any CPU.Build.0 = Debug|Any CPU
		{21ABA451-5E93-440D-B2CA-FD213D98CFEE}.Release|Any CPU.ActiveCfg = Release|Any CPU
		{21ABA451-5E93-440D-B2CA-FD213D98CFEE}.Release|Any CPU.Build.0 = Release|Any CPU
		{1240E687-1687-4E23-AB1F-C5ADD596014E}.Debug|Any CPU.ActiveCfg = Debug|Any CPU
		{1240E687-1687-4E23-AB1F-C5ADD596014E}.Debug|Any CPU.Build.0 = Debug|Any CPU
		{1240E687-1687-4E23-AB1F-C5ADD596014E}.Release|Any CPU.ActiveCfg = Release|Any CPU
		{1240E687-1687-4E23-AB1F-C5ADD596014E}.Release|Any CPU.Build.0 = Release|Any CPU
	EndGlobalSection
	GlobalSection(SolutionProperties) = preSolution
		HideSolutionNode = FALSE
	EndGlobalSection
	GlobalSection(ExtensibilityGlobals) = postSolution
		SolutionGuid = {DB5F58D2-0A66-4056-818C-011629EB7AA2}
	EndGlobalSection
EndGlobal
